
Microsoft Visual Studio Solution File, Format Version 12.00
Project("{FAE04EC0-301F-11D3-BF4B-00C04F79EFBC}") = "PenguinSlide", "PenguinSlide\PenguinSlide.csproj", "{E0C9C56C-6850-4183-8CFB-12185BAC919D}"
EndProject
Global
	GlobalSection(SolutionConfigurationPlatforms) = preSolution
		Debug|Any CPU = Debug|Any CPU
		Release|Any CPU = Release|Any CPU
	EndGlobalSection
	GlobalSection(ProjectConfigurationPlatforms) = postSolution
		{E0C9C56C-6850-4183-8CFB-12185BAC919D}.Debug|Any CPU.ActiveCfg = Debug|Any CPU
		{E0C9C56C-6850-4183-8CFB-12185BAC919D}.Debug|Any CPU.Build.0 = Debug|Any CPU
		{E0C9C56C-6850-4183-8CFB-12185BAC919D}.Release|Any CPU.ActiveCfg = Release|Any CPU
		{E0C9C56C-6850-4183-8CFB-12185BAC919D}.Release|Any CPU.Build.0 = Release|Any CPU
	EndGlobalSection
EndGlobal
